
Microsoft Visual Studio Solution File, Format Version 12.00
# Visual Studio Version 17
VisualStudioVersion = 17.14.36414.22 d17.14
MinimumVisualStudioVersion = 10.0.40219.1
Project("{FAE04EC0-301F-11D3-BF4B-00C04F79EFBC}") = "NASA.Tests.API", "NASA.Tests.API\NASA.Tests.API.csproj", "{6866A8D7-F0AF-41C2-A0F8-4235CA5F75B8}"
EndProject
Project("{FAE04EC0-301F-11D3-BF4B-00C04F79EFBC}") = "NASA.Tests.UI", "NASA.Tests.UI\NASA.Tests.UI.csproj", "{47E29C98-AB21-4489-AE83-1DD91C2FFA7B}"
EndProject
Project("{FAE04EC0-301F-11D3-BF4B-00C04F79EFBC}") = "NASA.Tests.Common", "NASA.Tests.Common\NASA.Tests.Common.csproj", "{6C7227AF-6C14-4274-8230-0B14A138C9EB}"
EndProject
Global
	GlobalSection(SolutionConfigurationPlatforms) = preSolution
		Debug|Any CPU = Debug|Any CPU
		Release|Any CPU = Release|Any CPU
	EndGlobalSection
	GlobalSection(ProjectConfigurationPlatforms) = postSolution
		{6866A8D7-F0AF-41C2-A0F8-4235CA5F75B8}.Debug|Any CPU.ActiveCfg = Debug|Any CPU
		{6866A8D7-F0AF-41C2-A0F8-4235CA5F75B8}.Debug|Any CPU.Build.0 = Debug|Any CPU
		{6866A8D7-F0AF-41C2-A0F8-4235CA5F75B8}.Release|Any CPU.ActiveCfg = Release|Any CPU
		{6866A8D7-F0AF-41C2-A0F8-4235CA5F75B8}.Release|Any CPU.Build.0 = Release|Any CPU
		{47E29C98-AB21-4489-AE83-1DD91C2FFA7B}.Debug|Any CPU.ActiveCfg = Debug|Any CPU
		{47E29C98-AB21-4489-AE83-1DD91C2FFA7B}.Debug|Any CPU.Build.0 = Debug|Any CPU
		{47E29C98-AB21-4489-AE83-1DD91C2FFA7B}.Release|Any CPU.ActiveCfg = Release|Any CPU
		{47E29C98-AB21-4489-AE83-1DD91C2FFA7B}.Release|Any CPU.Build.0 = Release|Any CPU
		{6C7227AF-6C14-4274-8230-0B14A138C9EB}.Debug|Any CPU.ActiveCfg = Debug|Any CPU
		{6C7227AF-6C14-4274-8230-0B14A138C9EB}.Debug|Any CPU.Build.0 = Debug|Any CPU
		{6C7227AF-6C14-4274-8230-0B14A138C9EB}.Release|Any CPU.ActiveCfg = Release|Any CPU
		{6C7227AF-6C14-4274-8230-0B14A138C9EB}.Release|Any CPU.Build.0 = Release|Any CPU
	EndGlobalSection
	GlobalSection(SolutionProperties) = preSolution
		HideSolutionNode = FALSE
	EndGlobalSection
	GlobalSection(ExtensibilityGlobals) = postSolution
		SolutionGuid = {540915C9-E4CD-4A2F-B4F5-011C7F9ADD78}
	EndGlobalSection
EndGlobal
